Microsoft Visual Studio Solution File, Format Version 7.00
Project("{8BC9CEB8-8B4A-11D0-8D11-00A0C91BC942}") = "D2XSpeed", "D2XSpeed.vcproj", "{E4B0B675-3CA1-49D5-8A4E-78A4565CB8F5}"
EndProject
Global
	GlobalSection(SolutionConfiguration) = preSolution
		ConfigName.0 = Debug
		ConfigName.1 = Release
	EndGlobalSection
	GlobalSection(ProjectDependencies) = postSolution
	EndGlobalSection
	GlobalSection(ProjectConfiguration) = postSolution
		{E4B0B675-3CA1-49D5-8A4E-78A4565CB8F5}.Debug.ActiveCfg = Debug|Win32
		{E4B0B675-3CA1-49D5-8A4E-78A4565CB8F5}.Debug.Build.0 = Debug|Win32
		{E4B0B675-3CA1-49D5-8A4E-78A4565CB8F5}.Release.ActiveCfg = Release|Win32
		{E4B0B675-3CA1-49D5-8A4E-78A4565CB8F5}.Release.Build.0 = Release|Win32
	EndGlobalSection
	GlobalSection(ExtensibilityGlobals) = postSolution
	EndGlobalSection
	GlobalSection(ExtensibilityAddIns) = postSolution
	EndGlobalSection
EndGlobal
